// !$*UTF8*$!
{
	archiveVersion = 1;
	classes = {
	};
	objectVersion = 56;
	objects = {

/* Begin PBXBuildFile section */
		5E1F6D6F298C4DBD0043751D /* WeatherViewModel.swift in Sources */ = {isa = PBXBuildFile; fileRef = 5E1F6D6E298C4DBD0043751D /* WeatherViewModel.swift */; };
		5E1F6D72298C6C3F0043751D /* Constants.swift in Sources */ = {isa = PBXBuildFile; fileRef = 5E1F6D71298C6C3F0043751D /* Constants.swift */; };
		5E4C3359298C2B2D00D45F98 /* WeatherAppApp.swift in Sources */ = {isa = PBXBuildFile; fileRef = 5E4C3358298C2B2D00D45F98 /* WeatherAppApp.swift */; };
		5E4C335B298C2B2D00D45F98 /* ContentView.swift in Sources */ = {isa = PBXBuildFile; fileRef = 5E4C335A298C2B2D00D45F98 /* ContentView.swift */; };
		5E4C335D298C2B3000D45F98 /* Assets.xcassets in Resources */ = {isa = PBXBuildFile; fileRef = 5E4C335C298C2B3000D45F98 /* Assets.xcassets */; };
		5E4C3360298C2B3000D45F98 /* Preview Assets.xcassets in Resources */ = {isa = PBXBuildFile; fileRef = 5E4C335F298C2B3000D45F98 /* Preview Assets.xcassets */; };
		5E4C336A298C2B3000D45F98 /* WeatherAppTests.swift in Sources */ = {isa = PBXBuildFile; fileRef = 5E4C3369298C2B3000D45F98 /* WeatherAppTests.swift */; };
		5E4C3374298C2B3000D45F98 /* WeatherAppUITests.swift in Sources */ = {isa = PBXBuildFile; fileRef = 5E4C3373298C2B3000D45F98 /* WeatherAppUITests.swift */; };
		5E4C3376298C2B3000D45F98 /* WeatherAppUITestsLaunchTests.swift in Sources */ = {isa = PBXBuildFile; fileRef = 5E4C3375298C2B3000D45F98 /* WeatherAppUITestsLaunchTests.swift */; };
		5E4C3387298C2FA000D45F98 /* WebService.swift in Sources */ = {isa = PBXBuildFile; fileRef = 5E4C3386298C2FA000D45F98 /* WebService.swift */; };
		5E4C3389298C300900D45F98 /* WeatherServiceProtocol.swift in Sources */ = {isa = PBXBuildFile; fileRef = 5E4C3388298C300900D45F98 /* WeatherServiceProtocol.swift */; };
		5E4C338C298C33D400D45F98 /* WeatherRepository.swift in Sources */ = {isa = PBXBuildFile; fileRef = 5E4C338B298C33D400D45F98 /* WeatherRepository.swift */; };
		5E4C338E298C341100D45F98 /* WeatherRepositoryProtocol.swift in Sources */ = {isa = PBXBuildFile; fileRef = 5E4C338D298C341100D45F98 /* WeatherRepositoryProtocol.swift */; };
		5E4C3390298C34C600D45F98 /* WebServiceTests.swift in Sources */ = {isa = PBXBuildFile; fileRef = 5E4C338F298C34C600D45F98 /* WebServiceTests.swift */; };
		5E4C3392298C354600D45F98 /* Weather.swift in Sources */ = {isa = PBXBuildFile; fileRef = 5E4C3391298C354600D45F98 /* Weather.swift */; };
		5E4C3394298C388A00D45F98 /* Location.swift in Sources */ = {isa = PBXBuildFile; fileRef = 5E4C3393298C388A00D45F98 /* Location.swift */; };
		5E4C3396298C38A300D45F98 /* Condition.swift in Sources */ = {isa = PBXBuildFile; fileRef = 5E4C3395298C38A300D45F98 /* Condition.swift */; };
		5E4C3398298C38BA00D45F98 /* CurrentWeather.swift in Sources */ = {isa = PBXBuildFile; fileRef = 5E4C3397298C38BA00D45F98 /* CurrentWeather.swift */; };
		5E4C339A298C38E000D45F98 /* HourlyWeather.swift in Sources */ = {isa = PBXBuildFile; fileRef = 5E4C3399298C38E000D45F98 /* HourlyWeather.swift */; };
		5E4C339C298C390200D45F98 /* DailyWeather.swift in Sources */ = {isa = PBXBuildFile; fileRef = 5E4C339B298C390200D45F98 /* DailyWeather.swift */; };
		5E4C339E298C391D00D45F98 /* ForecastDay.swift in Sources */ = {isa = PBXBuildFile; fileRef = 5E4C339D298C391D00D45F98 /* ForecastDay.swift */; };
		5E4C33A4298C3E3000D45F98 /* OHHTTPStubs in Frameworks */ = {isa = PBXBuildFile; productRef = 5E4C33A3298C3E3000D45F98 /* OHHTTPStubs */; };
		5E4C33A6298C3E3000D45F98 /* OHHTTPStubsSwift in Frameworks */ = {isa = PBXBuildFile; productRef = 5E4C33A5298C3E3000D45F98 /* OHHTTPStubsSwift */; };
		787E99723EB686559DD0C569 /* Pods_WeatherAppTests.framework in Frameworks */ = {isa = PBXBuildFile; fileRef = 561DD8ED608AE21E15947A42 /* Pods_WeatherAppTests.framework */; };
		A7F7CF8569B8F85B759BE30A /* Pods_WeatherApp_WeatherAppUITests.framework in Frameworks */ = {isa = PBXBuildFile; fileRef = 0674006FA16E224D61537ACB /* Pods_WeatherApp_WeatherAppUITests.framework */; };
		EF7D6C97496F1D6C2FD884C0 /* Pods_WeatherApp.framework in Frameworks */ = {isa = PBXBuildFile; fileRef = A16A44F6E623E7E5C9FF8D5B /* Pods_WeatherApp.framework */; };
/* End PBXBuildFile section */

/* Begin PBXContainerItemProxy section */
		5E4C3366298C2B3000D45F98 /* PBXContainerItemProxy */ = {
			isa = PBXContainerItemProxy;
			containerPortal = 5E4C334D298C2B2D00D45F98 /* Project object */;
			proxyType = 1;
			remoteGlobalIDString = 5E4C3354298C2B2D00D45F98;
			remoteInfo = WeatherApp;
		};
		5E4C3370298C2B3000D45F98 /* PBXContainerItemProxy */ = {
			isa = PBXContainerItemProxy;
			containerPortal = 5E4C334D298C2B2D00D45F98 /* Project object */;
			proxyType = 1;
			remoteGlobalIDString = 5E4C3354298C2B2D00D45F98;
			remoteInfo = WeatherApp;
		};
/* End PBXContainerItemProxy section */

/* Begin PBXFileReference section */
		0674006FA16E224D61537ACB /* Pods_WeatherApp_WeatherAppUITests.framework */ = {isa = PBXFileReference; explicitFileType = wrapper.framework; includeInIndex = 0; path = Pods_WeatherApp_WeatherAppUITests.framework; sourceTree = BUILT_PRODUCTS_DIR; };
		26B5C38760971BAB50586EDF /* Pods-WeatherApp.debug.xcconfig */ = {isa = PBXFileReference; includeInIndex = 1; lastKnownFileType = text.xcconfig; name = "Pods-WeatherApp.debug.xcconfig"; path = "Target Support Files/Pods-WeatherApp/Pods-WeatherApp.debug.xcconfig"; sourceTree = "<group>"; };
		4F545D3AF37597C59ECDBBE8 /* Pods-WeatherApp-WeatherAppUITests.debug.xcconfig */ = {isa = PBXFileReference; includeInIndex = 1; lastKnownFileType = text.xcconfig; name = "Pods-WeatherApp-WeatherAppUITests.debug.xcconfig"; path = "Target Support Files/Pods-WeatherApp-WeatherAppUITests/Pods-WeatherApp-WeatherAppUITests.debug.xcconfig"; sourceTree = "<group>"; };
		54A462E31BF05EA9378D2DD5 /* Pods-WeatherApp.release.xcconfig */ = {isa = PBXFileReference; includeInIndex = 1; lastKnownFileType = text.xcconfig; name = "Pods-WeatherApp.release.xcconfig"; path = "Target Support Files/Pods-WeatherApp/Pods-WeatherApp.release.xcconfig"; sourceTree = "<group>"; };
		561DD8ED608AE21E15947A42 /* Pods_WeatherAppTests.framework */ = {isa = PBXFileReference; explicitFileType = wrapper.framework; includeInIndex = 0; path = Pods_WeatherAppTests.framework; sourceTree = BUILT_PRODUCTS_DIR; };
		5E1F6D6E298C4DBD0043751D /* WeatherViewModel.swift */ = {isa = PBXFileReference; lastKnownFileType = sourcecode.swift; path = WeatherViewModel.swift; sourceTree = "<group>"; };
		5E1F6D71298C6C3F0043751D /* Constants.swift */ = {isa = PBXFileReference; lastKnownFileType = sourcecode.swift; path = Constants.swift; sourceTree = "<group>"; };
		5E4C3355298C2B2D00D45F98 /* WeatherApp.app */ = {isa = PBXFileReference; explicitFileType = wrapper.application; includeInIndex = 0; path = WeatherApp.app; sourceTree = BUILT_PRODUCTS_DIR; };
		5E4C3358298C2B2D00D45F98 /* WeatherAppApp.swift */ = {isa = PBXFileReference; lastKnownFileType = sourcecode.swift; path = WeatherAppApp.swift; sourceTree = "<group>"; };
		5E4C335A298C2B2D00D45F98 /* ContentView.swift */ = {isa = PBXFileReference; lastKnownFileType = sourcecode.swift; path = ContentView.swift; sourceTree = "<group>"; };
		5E4C335C298C2B3000D45F98 /* Assets.xcassets */ = {isa = PBXFileReference; lastKnownFileType = folder.assetcatalog; path = Assets.xcassets; sourceTree = "<group>"; };
		5E4C335F298C2B3000D45F98 /* Preview Assets.xcassets */ = {isa = PBXFileReference; lastKnownFileType = folder.assetcatalog; path = "Preview Assets.xcassets"; sourceTree = "<group>"; };
		5E4C3365298C2B3000D45F98 /* WeatherAppTests.xctest */ = {isa = PBXFileReference; explicitFileType = wrapper.cfbundle; includeInIndex = 0; path = WeatherAppTests.xctest; sourceTree = BUILT_PRODUCTS_DIR; };
		5E4C3369298C2B3000D45F98 /* WeatherAppTests.swift */ = {isa = PBXFileReference; lastKnownFileType = sourcecode.swift; path = WeatherAppTests.swift; sourceTree = "<group>"; };
		5E4C336F298C2B3000D45F98 /* WeatherAppUITests.xctest */ = {isa = PBXFileReference; explicitFileType = wrapper.cfbundle; includeInIndex = 0; path = WeatherAppUITests.xctest; sourceTree = BUILT_PRODUCTS_DIR; };
		5E4C3373298C2B3000D45F98 /* WeatherAppUITests.swift */ = {isa = PBXFileReference; lastKnownFileType = sourcecode.swift; path = WeatherAppUITests.swift; sourceTree = "<group>"; };
		5E4C3375298C2B3000D45F98 /* WeatherAppUITestsLaunchTests.swift */ = {isa = PBXFileReference; lastKnownFileType = sourcecode.swift; path = WeatherAppUITestsLaunchTests.swift; sourceTree = "<group>"; };
		5E4C3386298C2FA000D45F98 /* WebService.swift */ = {isa = PBXFileReference; lastKnownFileType = sourcecode.swift; path = WebService.swift; sourceTree = "<group>"; };
		5E4C3388298C300900D45F98 /* WeatherServiceProtocol.swift */ = {isa = PBXFileReference; lastKnownFileType = sourcecode.swift; path = WeatherServiceProtocol.swift; sourceTree = "<group>"; };
		5E4C338B298C33D400D45F98 /* WeatherRepository.swift */ = {isa = PBXFileReference; lastKnownFileType = sourcecode.swift; path = WeatherRepository.swift; sourceTree = "<group>"; };
		5E4C338D298C341100D45F98 /* WeatherRepositoryProtocol.swift */ = {isa = PBXFileReference; lastKnownFileType = sourcecode.swift; path = WeatherRepositoryProtocol.swift; sourceTree = "<group>"; };
		5E4C338F298C34C600D45F98 /* WebServiceTests.swift */ = {isa = PBXFileReference; lastKnownFileType = sourcecode.swift; path = WebServiceTests.swift; sourceTree = "<group>"; };
		5E4C3391298C354600D45F98 /* Weather.swift */ = {isa = PBXFileReference; lastKnownFileType = sourcecode.swift; path = Weather.swift; sourceTree = "<group>"; };
		5E4C3393298C388A00D45F98 /* Location.swift */ = {isa = PBXFileReference; lastKnownFileType = sourcecode.swift; path = Location.swift; sourceTree = "<group>"; };
		5E4C3395298C38A300D45F98 /* Condition.swift */ = {isa = PBXFileReference; lastKnownFileType = sourcecode.swift; path = Condition.swift; sourceTree = "<group>"; };
		5E4C3397298C38BA00D45F98 /* CurrentWeather.swift */ = {isa = PBXFileReference; lastKnownFileType = sourcecode.swift; path = CurrentWeather.swift; sourceTree = "<group>"; };
		5E4C3399298C38E000D45F98 /* HourlyWeather.swift */ = {isa = PBXFileReference; lastKnownFileType = sourcecode.swift; path = HourlyWeather.swift; sourceTree = "<group>"; };
		5E4C339B298C390200D45F98 /* DailyWeather.swift */ = {isa = PBXFileReference; lastKnownFileType = sourcecode.swift; path = DailyWeather.swift; sourceTree = "<group>"; };
		5E4C339D298C391D00D45F98 /* ForecastDay.swift */ = {isa = PBXFileReference; lastKnownFileType = sourcecode.swift; path = ForecastDay.swift; sourceTree = "<group>"; };
		987B555E7F8F7B6370E3628A /* Pods-WeatherApp-WeatherAppUITests.release.xcconfig */ = {isa = PBXFileReference; includeInIndex = 1; lastKnownFileType = text.xcconfig; name = "Pods-WeatherApp-WeatherAppUITests.release.xcconfig"; path = "Target Support Files/Pods-WeatherApp-WeatherAppUITests/Pods-WeatherApp-WeatherAppUITests.release.xcconfig"; sourceTree = "<group>"; };
		9B570BE99B58F1C7848793F5 /* Pods-WeatherAppTests.debug.xcconfig */ = {isa = PBXFileReference; includeInIndex = 1; lastKnownFileType = text.xcconfig; name = "Pods-WeatherAppTests.debug.xcconfig"; path = "Target Support Files/Pods-WeatherAppTests/Pods-WeatherAppTests.debug.xcconfig"; sourceTree = "<group>"; };
		A16A44F6E623E7E5C9FF8D5B /* Pods_WeatherApp.framework */ = {isa = PBXFileReference; explicitFileType = wrapper.framework; includeInIndex = 0; path = Pods_WeatherApp.framework; sourceTree = BUILT_PRODUCTS_DIR; };
		F967A10D7FA7128F163B41C2 /* Pods-WeatherAppTests.release.xcconfig */ = {isa = PBXFileReference; includeInIndex = 1; lastKnownFileType = text.xcconfig; name = "Pods-WeatherAppTests.release.xcconfig"; path = "Target Support Files/Pods-WeatherAppTests/Pods-WeatherAppTests.release.xcconfig"; sourceTree = "<group>"; };
/* End PBXFileReference section */

/* Begin PBXFrameworksBuildPhase section */
		5E4C3352298C2B2D00D45F98 /* Frameworks */ = {
			isa = PBXFrameworksBuildPhase;
			buildActionMask = 2147483647;
			files = (
				5E4C33A4298C3E3000D45F98 /* OHHTTPStubs in Frameworks */,
				5E4C33A6298C3E3000D45F98 /* OHHTTPStubsSwift in Frameworks */,
				EF7D6C97496F1D6C2FD884C0 /* Pods_WeatherApp.framework in Frameworks */,
			);
			runOnlyForDeploymentPostprocessing = 0;
		};
		5E4C3362298C2B3000D45F98 /* Frameworks */ = {
			isa = PBXFrameworksBuildPhase;
			buildActionMask = 2147483647;
			files = (
				787E99723EB686559DD0C569 /* Pods_WeatherAppTests.framework in Frameworks */,
			);
			runOnlyForDeploymentPostprocessing = 0;
		};
		5E4C336C298C2B3000D45F98 /* Frameworks */ = {
			isa = PBXFrameworksBuildPhase;
			buildActionMask = 2147483647;
			files = (
				A7F7CF8569B8F85B759BE30A /* Pods_WeatherApp_WeatherAppUITests.framework in Frameworks */,
			);
			runOnlyForDeploymentPostprocessing = 0;
		};
/* End PBXFrameworksBuildPhase section */

/* Begin PBXGroup section */
		4635CCE35EDF4B7591389239 /* Pods */ = {
			isa = PBXGroup;
			children = (
				26B5C38760971BAB50586EDF /* Pods-WeatherApp.debug.xcconfig */,
				54A462E31BF05EA9378D2DD5 /* Pods-WeatherApp.release.xcconfig */,
				4F545D3AF37597C59ECDBBE8 /* Pods-WeatherApp-WeatherAppUITests.debug.xcconfig */,
				987B555E7F8F7B6370E3628A /* Pods-WeatherApp-WeatherAppUITests.release.xcconfig */,
				9B570BE99B58F1C7848793F5 /* Pods-WeatherAppTests.debug.xcconfig */,
				F967A10D7FA7128F163B41C2 /* Pods-WeatherAppTests.release.xcconfig */,
			);
			path = Pods;
			sourceTree = "<group>";
		};
		5E1F6D70298C6C2F0043751D /* Utils */ = {
			isa = PBXGroup;
			children = (
				5E1F6D71298C6C3F0043751D /* Constants.swift */,
			);
			path = Utils;
			sourceTree = "<group>";
		};
		5E1F6D73298C6FB70043751D /* Components */ = {
			isa = PBXGroup;
			children = (
			);
			path = Components;
			sourceTree = "<group>";
		};
		5E4C334C298C2B2D00D45F98 = {
			isa = PBXGroup;
			children = (
				5E4C3357298C2B2D00D45F98 /* WeatherApp */,
				5E4C3368298C2B3000D45F98 /* WeatherAppTests */,
				5E4C3372298C2B3000D45F98 /* WeatherAppUITests */,
				5E4C3356298C2B2D00D45F98 /* Products */,
				4635CCE35EDF4B7591389239 /* Pods */,
				C618599778407C538A2F9DE4 /* Frameworks */,
			);
			sourceTree = "<group>";
		};
		5E4C3356298C2B2D00D45F98 /* Products */ = {
			isa = PBXGroup;
			children = (
				5E4C3355298C2B2D00D45F98 /* WeatherApp.app */,
				5E4C3365298C2B3000D45F98 /* WeatherAppTests.xctest */,
				5E4C336F298C2B3000D45F98 /* WeatherAppUITests.xctest */,
			);
			name = Products;
			sourceTree = "<group>";
		};
		5E4C3357298C2B2D00D45F98 /* WeatherApp */ = {
			isa = PBXGroup;
			children = (
				5E1F6D70298C6C2F0043751D /* Utils */,
				5E4C3385298C2EC300D45F98 /* Services */,
				5E4C338A298C32A000D45F98 /* Data */,
				5E4C3382298C2D8900D45F98 /* Model */,
				5E4C3383298C2D9800D45F98 /* View */,
				5E4C3384298C2DA000D45F98 /* ViewModel */,
				5E4C335C298C2B3000D45F98 /* Assets.xcassets */,
				5E4C335E298C2B3000D45F98 /* Preview Content */,
			);
			path = WeatherApp;
			sourceTree = "<group>";
		};
		5E4C335E298C2B3000D45F98 /* Preview Content */ = {
			isa = PBXGroup;
			children = (
				5E4C335F298C2B3000D45F98 /* Preview Assets.xcassets */,
			);
			path = "Preview Content";
			sourceTree = "<group>";
		};
		5E4C3368298C2B3000D45F98 /* WeatherAppTests */ = {
			isa = PBXGroup;
			children = (
				5E4C3369298C2B3000D45F98 /* WeatherAppTests.swift */,
				5E4C338F298C34C600D45F98 /* WebServiceTests.swift */,
			);
			path = WeatherAppTests;
			sourceTree = "<group>";
		};
		5E4C3372298C2B3000D45F98 /* WeatherAppUITests */ = {
			isa = PBXGroup;
			children = (
				5E4C3373298C2B3000D45F98 /* WeatherAppUITests.swift */,
				5E4C3375298C2B3000D45F98 /* WeatherAppUITestsLaunchTests.swift */,
			);
			path = WeatherAppUITests;
			sourceTree = "<group>";
		};
		5E4C3382298C2D8900D45F98 /* Model */ = {
			isa = PBXGroup;
			children = (
				5E4C3391298C354600D45F98 /* Weather.swift */,
				5E4C3393298C388A00D45F98 /* Location.swift */,
				5E4C3395298C38A300D45F98 /* Condition.swift */,
				5E4C3397298C38BA00D45F98 /* CurrentWeather.swift */,
				5E4C3399298C38E000D45F98 /* HourlyWeather.swift */,
				5E4C339B298C390200D45F98 /* DailyWeather.swift */,
				5E4C339D298C391D00D45F98 /* ForecastDay.swift */,
			);
			path = Model;
			sourceTree = "<group>";
		};
		5E4C3383298C2D9800D45F98 /* View */ = {
			isa = PBXGroup;
			children = (
				5E1F6D73298C6FB70043751D /* Components */,
				5E4C3358298C2B2D00D45F98 /* WeatherAppApp.swift */,
				5E4C335A298C2B2D00D45F98 /* ContentView.swift */,
			);
			path = View;
			sourceTree = "<group>";
		};
		5E4C3384298C2DA000D45F98 /* ViewModel */ = {
			isa = PBXGroup;
			children = (
				5E1F6D6E298C4DBD0043751D /* WeatherViewModel.swift */,
			);
			path = ViewModel;
			sourceTree = "<group>";
		};
		5E4C3385298C2EC300D45F98 /* Services */ = {
			isa = PBXGroup;
			children = (
				5E4C3386298C2FA000D45F98 /* WebService.swift */,
				5E4C3388298C300900D45F98 /* WeatherServiceProtocol.swift */,
			);
			path = Services;
			sourceTree = "<group>";
		};
		5E4C338A298C32A000D45F98 /* Data */ = {
			isa = PBXGroup;
			children = (
				5E4C338B298C33D400D45F98 /* WeatherRepository.swift */,
				5E4C338D298C341100D45F98 /* WeatherRepositoryProtocol.swift */,
			);
			path = Data;
			sourceTree = "<group>";
		};
		C618599778407C538A2F9DE4 /* Frameworks */ = {
			isa = PBXGroup;
			children = (
				A16A44F6E623E7E5C9FF8D5B /* Pods_WeatherApp.framework */,
				0674006FA16E224D61537ACB /* Pods_WeatherApp_WeatherAppUITests.framework */,
				561DD8ED608AE21E15947A42 /* Pods_WeatherAppTests.framework */,
			);
			name = Frameworks;
			sourceTree = "<group>";
		};
/* End PBXGroup section */

/* Begin PBXNativeTarget section */
		5E4C3354298C2B2D00D45F98 /* WeatherApp */ = {
			isa = PBXNativeTarget;
			buildConfigurationList = 5E4C3379298C2B3000D45F98 /* Build configuration list for PBXNativeTarget "WeatherApp" */;
			buildPhases = (
				1E57C5301E3835E6C0C2B6A0 /* [CP] Check Pods Manifest.lock */,
				5E4C3351298C2B2D00D45F98 /* Sources */,
				5E4C3352298C2B2D00D45F98 /* Frameworks */,
				5E4C3353298C2B2D00D45F98 /* Resources */,
			);
			buildRules = (
			);
			dependencies = (
			);
			name = WeatherApp;
			packageProductDependencies = (
				5E4C33A3298C3E3000D45F98 /* OHHTTPStubs */,
				5E4C33A5298C3E3000D45F98 /* OHHTTPStubsSwift */,
			);
			productName = WeatherApp;
			productReference = 5E4C3355298C2B2D00D45F98 /* WeatherApp.app */;
			productType = "com.apple.product-type.application";
		};
		5E4C3364298C2B3000D45F98 /* WeatherAppTests */ = {
			isa = PBXNativeTarget;
			buildConfigurationList = 5E4C337C298C2B3000D45F98 /* Build configuration list for PBXNativeTarget "WeatherAppTests" */;
			buildPhases = (
				BE3DCF2CE60ED1B71C092CBA /* [CP] Check Pods Manifest.lock */,
				5E4C3361298C2B3000D45F98 /* Sources */,
				5E4C3362298C2B3000D45F98 /* Frameworks */,
				5E4C3363298C2B3000D45F98 /* Resources */,
				670B5D754E2345764204D061 /* [CP] Embed Pods Frameworks */,
			);
			buildRules = (
			);
			dependencies = (
				5E4C3367298C2B3000D45F98 /* PBXTargetDependency */,
			);
			name = WeatherAppTests;
			productName = WeatherAppTests;
			productReference = 5E4C3365298C2B3000D45F98 /* WeatherAppTests.xctest */;
			productType = "com.apple.product-type.bundle.unit-test";
		};
		5E4C336E298C2B3000D45F98 /* WeatherAppUITests */ = {
			isa = PBXNativeTarget;
			buildConfigurationList = 5E4C337F298C2B3000D45F98 /* Build configuration list for PBXNativeTarget "WeatherAppUITests" */;
			buildPhases = (
				A4B4BAD99CB8BD348EDA39A2 /* [CP] Check Pods Manifest.lock */,
				5E4C336B298C2B3000D45F98 /* Sources */,
				5E4C336C298C2B3000D45F98 /* Frameworks */,
				5E4C336D298C2B3000D45F98 /* Resources */,
			);
			buildRules = (
			);
			dependencies = (
				5E4C3371298C2B3000D45F98 /* PBXTargetDependency */,
			);
			name = WeatherAppUITests;
			productName = WeatherAppUITests;
			productReference = 5E4C336F298C2B3000D45F98 /* WeatherAppUITests.xctest */;
			productType = "com.apple.product-type.bundle.ui-testing";
		};
/* End PBXNativeTarget section */

/* Begin PBXProject section */
		5E4C334D298C2B2D00D45F98 /* Project object */ = {
			isa = PBXProject;
			attributes = {
				BuildIndependentTargetsInParallel = 1;
				LastSwiftUpdateCheck = 1420;
				LastUpgradeCheck = 1420;
				TargetAttributes = {
					5E4C3354298C2B2D00D45F98 = {
						CreatedOnToolsVersion = 14.2;
					};
					5E4C3364298C2B3000D45F98 = {
						CreatedOnToolsVersion = 14.2;
						TestTargetID = 5E4C3354298C2B2D00D45F98;
					};
					5E4C336E298C2B3000D45F98 = {
						CreatedOnToolsVersion = 14.2;
						TestTargetID = 5E4C3354298C2B2D00D45F98;
					};
				};
			};
			buildConfigurationList = 5E4C3350298C2B2D00D45F98 /* Build configuration list for PBXProject "WeatherApp" */;
			compatibilityVersion = "Xcode 14.0";
			developmentRegion = en;
			hasScannedForEncodings = 0;
			knownRegions = (
				en,
				Base,
			);
			mainGroup = 5E4C334C298C2B2D00D45F98;
			packageReferences = (
				5E4C33A2298C3E3000D45F98 /* XCRemoteSwiftPackageReference "OHHTTPStubs" */,
			);
			productRefGroup = 5E4C3356298C2B2D00D45F98 /* Products */;
			projectDirPath = "";
			projectRoot = "";
			targets = (
				5E4C3354298C2B2D00D45F98 /* WeatherApp */,
				5E4C3364298C2B3000D45F98 /* WeatherAppTests */,
				5E4C336E298C2B3000D45F98 /* WeatherAppUITests */,
			);
		};
/* End PBXProject section */

/* Begin PBXResourcesBuildPhase section */
		5E4C3353298C2B2D00D45F98 /* Resources */ = {
			isa = PBXResourcesBuildPhase;
			buildActionMask = 2147483647;
			files = (
				5E4C3360298C2B3000D45F98 /* Preview Assets.xcassets in Resources */,
				5E4C335D298C2B3000D45F98 /* Assets.xcassets in Resources */,
			);
			runOnlyForDeploymentPostprocessing = 0;
		};
		5E4C3363298C2B3000D45F98 /* Resources */ = {
			isa = PBXResourcesBuildPhase;
			buildActionMask = 2147483647;
			files = (
			);
			runOnlyForDeploymentPostprocessing = 0;
		};
		5E4C336D298C2B3000D45F98 /* Resources */ = {
			isa = PBXResourcesBuildPhase;
			buildActionMask = 2147483647;
			files = (
			);
			runOnlyForDeploymentPostprocessing = 0;
		};
/* End PBXResourcesBuildPhase section */

/* Begin PBXShellScriptBuildPhase section */
		1E57C5301E3835E6C0C2B6A0 /* [CP] Check Pods Manifest.lock */ = {
			isa = PBXShellScriptBuildPhase;
			buildActionMask = 2147483647;
			files = (
			);
			inputFileListPaths = (
			);
			inputPaths = (
				"${PODS_PODFILE_DIR_PATH}/Podfile.lock",
				"${PODS_ROOT}/Manifest.lock",
			);
			name = "[CP] Check Pods Manifest.lock";
			outputFileListPaths = (
			);
			outputPaths = (
				"$(DERIVED_FILE_DIR)/Pods-WeatherApp-checkManifestLockResult.txt",
			);
			runOnlyForDeploymentPostprocessing = 0;
			shellPath = /bin/sh;
			shellScript = "diff \"${PODS_PODFILE_DIR_PATH}/Podfile.lock\" \"${PODS_ROOT}/Manifest.lock\" > /dev/null\nif [ $? != 0 ] ; then\n    # print error to STDERR\n    echo \"error: The sandbox is not in sync with the Podfile.lock. Run 'pod install' or update your CocoaPods installation.\" >&2\n    exit 1\nfi\n# This output is used by Xcode 'outputs' to avoid re-running this script phase.\necho \"SUCCESS\" > \"${SCRIPT_OUTPUT_FILE_0}\"\n";
			showEnvVarsInLog = 0;
		};
		670B5D754E2345764204D061 /* [CP] Embed Pods Frameworks */ = {
			isa = PBXShellScriptBuildPhase;
			buildActionMask = 2147483647;
			files = (
			);
			inputFileListPaths = (
				"${PODS_ROOT}/Target Support Files/Pods-WeatherAppTests/Pods-WeatherAppTests-frameworks-${CONFIGURATION}-input-files.xcfilelist",
			);
			name = "[CP] Embed Pods Frameworks";
			outputFileListPaths = (
				"${PODS_ROOT}/Target Support Files/Pods-WeatherAppTests/Pods-WeatherAppTests-frameworks-${CONFIGURATION}-output-files.xcfilelist",
			);
			runOnlyForDeploymentPostprocessing = 0;
			shellPath = /bin/sh;
			shellScript = "\"${PODS_ROOT}/Target Support Files/Pods-WeatherAppTests/Pods-WeatherAppTests-frameworks.sh\"\n";
			showEnvVarsInLog = 0;
		};
		A4B4BAD99CB8BD348EDA39A2 /* [CP] Check Pods Manifest.lock */ = {
			isa = PBXShellScriptBuildPhase;
			buildActionMask = 2147483647;
			files = (
			);
			inputFileListPaths = (
			);
			inputPaths = (
				"${PODS_PODFILE_DIR_PATH}/Podfile.lock",
				"${PODS_ROOT}/Manifest.lock",
			);
			name = "[CP] Check Pods Manifest.lock";
			outputFileListPaths = (
			);
			outputPaths = (
				"$(DERIVED_FILE_DIR)/Pods-WeatherApp-WeatherAppUITests-checkManifestLockResult.txt",
			);
			runOnlyForDeploymentPostprocessing = 0;
			shellPath = /bin/sh;
			shellScript = "diff \"${PODS_PODFILE_DIR_PATH}/Podfile.lock\" \"${PODS_ROOT}/Manifest.lock\" > /dev/null\nif [ $? != 0 ] ; then\n    # print error to STDERR\n    echo \"error: The sandbox is not in sync with the Podfile.lock. Run 'pod install' or update your CocoaPods installation.\" >&2\n    exit 1\nfi\n# This output is used by Xcode 'outputs' to avoid re-running this script phase.\necho \"SUCCESS\" > \"${SCRIPT_OUTPUT_FILE_0}\"\n";
			showEnvVarsInLog = 0;
		};
		BE3DCF2CE60ED1B71C092CBA /* [CP] Check Pods Manifest.lock */ = {
			isa = PBXShellScriptBuildPhase;
			buildActionMask = 2147483647;
			files = (
			);
			inputFileListPaths = (
			);
			inputPaths = (
				"${PODS_PODFILE_DIR_PATH}/Podfile.lock",
				"${PODS_ROOT}/Manifest.lock",
			);
			name = "[CP] Check Pods Manifest.lock";
			outputFileListPaths = (
			);
			outputPaths = (
				"$(DERIVED_FILE_DIR)/Pods-WeatherAppTests-checkManifestLockResult.txt",
			);
			runOnlyForDeploymentPostprocessing = 0;
			shellPath = /bin/sh;
			shellScript = "diff \"${PODS_PODFILE_DIR_PATH}/Podfile.lock\" \"${PODS_ROOT}/Manifest.lock\" > /dev/null\nif [ $? != 0 ] ; then\n    # print error to STDERR\n    echo \"error: The sandbox is not in sync with the Podfile.lock. Run 'pod install' or update your CocoaPods installation.\" >&2\n    exit 1\nfi\n# This output is used by Xcode 'outputs' to avoid re-running this script phase.\necho \"SUCCESS\" > \"${SCRIPT_OUTPUT_FILE_0}\"\n";
			showEnvVarsInLog = 0;
		};
/* End PBXShellScriptBuildPhase section */

/* Begin PBXSourcesBuildPhase section */
		5E4C3351298C2B2D00D45F98 /* Sources */ = {
			isa = PBXSourcesBuildPhase;
			buildActionMask = 2147483647;
			files = (
				5E4C339E298C391D00D45F98 /* ForecastDay.swift in Sources */,
				5E4C335B298C2B2D00D45F98 /* ContentView.swift in Sources */,
				5E4C3398298C38BA00D45F98 /* CurrentWeather.swift in Sources */,
				5E1F6D6F298C4DBD0043751D /* WeatherViewModel.swift in Sources */,
				5E4C339C298C390200D45F98 /* DailyWeather.swift in Sources */,
				5E1F6D72298C6C3F0043751D /* Constants.swift in Sources */,
				5E4C3396298C38A300D45F98 /* Condition.swift in Sources */,
				5E4C3387298C2FA000D45F98 /* WebService.swift in Sources */,
				5E4C3394298C388A00D45F98 /* Location.swift in Sources */,
				5E4C338E298C341100D45F98 /* WeatherRepositoryProtocol.swift in Sources */,
				5E4C338C298C33D400D45F98 /* WeatherRepository.swift in Sources */,
				5E4C3389298C300900D45F98 /* WeatherServiceProtocol.swift in Sources */,
				5E4C3359298C2B2D00D45F98 /* WeatherAppApp.swift in Sources */,
				5E4C3392298C354600D45F98 /* Weather.swift in Sources */,
				5E4C339A298C38E000D45F98 /* HourlyWeather.swift in Sources */,
			);
			runOnlyForDeploymentPostprocessing = 0;
		};
		5E4C3361298C2B3000D45F98 /* Sources */ = {
			isa = PBXSourcesBuildPhase;
			buildActionMask = 2147483647;
			files = (
				5E4C3390298C34C600D45F98 /* WebServiceTests.swift in Sources */,
				5E4C336A298C2B3000D45F98 /* WeatherAppTests.swift in Sources */,
			);
			runOnlyForDeploymentPostprocessing = 0;
		};
		5E4C336B298C2B3000D45F98 /* Sources */ = {
			isa = PBXSourcesBuildPhase;
			buildActionMask = 2147483647;
			files = (
				5E4C3374298C2B3000D45F98 /* WeatherAppUITests.swift in Sources */,
				5E4C3376298C2B3000D45F98 /* WeatherAppUITestsLaunchTests.swift in Sources */,
			);
			runOnlyForDeploymentPostprocessing = 0;
		};
/* End PBXSourcesBuildPhase section */

/* Begin PBXTargetDependency section */
		5E4C3367298C2B3000D45F98 /* PBXTargetDependency */ = {
			isa = PBXTargetDependency;
			target = 5E4C3354298C2B2D00D45F98 /* WeatherApp */;
			targetProxy = 5E4C3366298C2B3000D45F98 /* PBXContainerItemProxy */;
		};
		5E4C3371298C2B3000D45F98 /* PBXTargetDependency */ = {
			isa = PBXTargetDependency;
			target = 5E4C3354298C2B2D00D45F98 /* WeatherApp */;
			targetProxy = 5E4C3370298C2B3000D45F98 /* PBXContainerItemProxy */;
		};
/* End PBXTargetDependency section */

/* Begin XCBuildConfiguration section */
		5E4C3377298C2B3000D45F98 /* Debug */ = {
			isa = XCBuildConfiguration;
			buildSettings = {
				ALWAYS_SEARCH_USER_PATHS = NO;
				CLANG_ANALYZER_NONNULL = YES;
				CLANG_ANALYZER_NUMBER_OBJECT_CONVERSION = YES_AGGRESSIVE;
				CLANG_CXX_LANGUAGE_STANDARD = "gnu++20";
				CLANG_ENABLE_MODULES = YES;
				CLANG_ENABLE_OBJC_ARC = YES;
				CLANG_ENABLE_OBJC_WEAK = YES;
				CLANG_WARN_BLOCK_CAPTURE_AUTORELEASING = YES;
				CLANG_WARN_BOOL_CONVERSION = YES;
				CLANG_WARN_COMMA = YES;
				CLANG_WARN_CONSTANT_CONVERSION = YES;
				CLANG_WARN_DEPRECATED_OBJC_IMPLEMENTATIONS = YES;
				CLANG_WARN_DIRECT_OBJC_ISA_USAGE = YES_ERROR;
				CLANG_WARN_DOCUMENTATION_COMMENTS = YES;
				CLANG_WARN_EMPTY_BODY = YES;
				CLANG_WARN_ENUM_CONVERSION = YES;
				CLANG_WARN_INFINITE_RECURSION = YES;
				CLANG_WARN_INT_CONVERSION = YES;
				CLANG_WARN_NON_LITERAL_NULL_CONVERSION = YES;
				CLANG_WARN_OBJC_IMPLICIT_RETAIN_SELF = YES;
				CLANG_WARN_OBJC_LITERAL_CONVERSION = YES;
				CLANG_WARN_OBJC_ROOT_CLASS = YES_ERROR;
				CLANG_WARN_QUOTED_INCLUDE_IN_FRAMEWORK_HEADER = YES;
				CLANG_WARN_RANGE_LOOP_ANALYSIS = YES;
				CLANG_WARN_STRICT_PROTOTYPES = YES;
				CLANG_WARN_SUSPICIOUS_MOVE = YES;
				CLANG_WARN_UNGUARDED_AVAILABILITY = YES_AGGRESSIVE;
				CLANG_WARN_UNREACHABLE_CODE = YES;
				CLANG_WARN__DUPLICATE_METHOD_MATCH = YES;
				COPY_PHASE_STRIP = NO;
				DEBUG_INFORMATION_FORMAT = dwarf;
				ENABLE_STRICT_OBJC_MSGSEND = YES;
				ENABLE_TESTABILITY = YES;
				GCC_C_LANGUAGE_STANDARD = gnu11;
				GCC_DYNAMIC_NO_PIC = NO;
				GCC_NO_COMMON_BLOCKS = YES;
				GCC_OPTIMIZATION_LEVEL = 0;
				GCC_PREPROCESSOR_DEFINITIONS = (
					"DEBUG=1",
					"$(inherited)",
				);
				GCC_WARN_64_TO_32_BIT_CONVERSION = YES;
				GCC_WARN_ABOUT_RETURN_TYPE = YES_ERROR;
				GCC_WARN_UNDECLARED_SELECTOR = YES;
				GCC_WARN_UNINITIALIZED_AUTOS = YES_AGGRESSIVE;
				GCC_WARN_UNUSED_FUNCTION = YES;
				GCC_WARN_UNUSED_VARIABLE = YES;
				IPHONEOS_DEPLOYMENT_TARGET = 16.2;
				MTL_ENABLE_DEBUG_INFO = INCLUDE_SOURCE;
				MTL_FAST_MATH = YES;
				ONLY_ACTIVE_ARCH = YES;
				SDKROOT = iphoneos;
				SWIFT_ACTIVE_COMPILATION_CONDITIONS = DEBUG;
				SWIFT_OPTIMIZATION_LEVEL = "-Onone";
			};
			name = Debug;
		};
		5E4C3378298C2B3000D45F98 /* Release */ = {
			isa = XCBuildConfiguration;
			buildSettings = {
				ALWAYS_SEARCH_USER_PATHS = NO;
				CLANG_ANALYZER_NONNULL = YES;
				CLANG_ANALYZER_NUMBER_OBJECT_CONVERSION = YES_AGGRESSIVE;
				CLANG_CXX_LANGUAGE_STANDARD = "gnu++20";
				CLANG_ENABLE_MODULES = YES;
				CLANG_ENABLE_OBJC_ARC = YES;
				CLANG_ENABLE_OBJC_WEAK = YES;
				CLANG_WARN_BLOCK_CAPTURE_AUTORELEASING = YES;
				CLANG_WARN_BOOL_CONVERSION = YES;
				CLANG_WARN_COMMA = YES;
				CLANG_WARN_CONSTANT_CONVERSION = YES;
				CLANG_WARN_DEPRECATED_OBJC_IMPLEMENTATIONS = YES;
				CLANG_WARN_DIRECT_OBJC_ISA_USAGE = YES_ERROR;
				CLANG_WARN_DOCUMENTATION_COMMENTS = YES;
				CLANG_WARN_EMPTY_BODY = YES;
				CLANG_WARN_ENUM_CONVERSION = YES;
				CLANG_WARN_INFINITE_RECURSION = YES;
				CLANG_WARN_INT_CONVERSION = YES;
				CLANG_WARN_NON_LITERAL_NULL_CONVERSION = YES;
				CLANG_WARN_OBJC_IMPLICIT_RETAIN_SELF = YES;
				CLANG_WARN_OBJC_LITERAL_CONVERSION = YES;
				CLANG_WARN_OBJC_ROOT_CLASS = YES_ERROR;
				CLANG_WARN_QUOTED_INCLUDE_IN_FRAMEWORK_HEADER = YES;
				CLANG_WARN_RANGE_LOOP_ANALYSIS = YES;
				CLANG_WARN_STRICT_PROTOTYPES = YES;
				CLANG_WARN_SUSPICIOUS_MOVE = YES;
				CLANG_WARN_UNGUARDED_AVAILABILITY = YES_AGGRESSIVE;
				CLANG_WARN_UNREACHABLE_CODE = YES;
				CLANG_WARN__DUPLICATE_METHOD_MATCH = YES;
				COPY_PHASE_STRIP = NO;
				DEBUG_INFORMATION_FORMAT = "dwarf-with-dsym";
				ENABLE_NS_ASSERTIONS = NO;
				ENABLE_STRICT_OBJC_MSGSEND = YES;
				GCC_C_LANGUAGE_STANDARD = gnu11;
				GCC_NO_COMMON_BLOCKS = YES;
				GCC_WARN_64_TO_32_BIT_CONVERSION = YES;
				GCC_WARN_ABOUT_RETURN_TYPE = YES_ERROR;
				GCC_WARN_UNDECLARED_SELECTOR = YES;
				GCC_WARN_UNINITIALIZED_AUTOS = YES_AGGRESSIVE;
				GCC_WARN_UNUSED_FUNCTION = YES;
				GCC_WARN_UNUSED_VARIABLE = YES;
				IPHONEOS_DEPLOYMENT_TARGET = 16.2;
				MTL_ENABLE_DEBUG_INFO = NO;
				MTL_FAST_MATH = YES;
				SDKROOT = iphoneos;
				SWIFT_COMPILATION_MODE = wholemodule;
				SWIFT_OPTIMIZATION_LEVEL = "-O";
				VALIDATE_PRODUCT = YES;
			};
			name = Release;
		};
		5E4C337A298C2B3000D45F98 /* Debug */ = {
			isa = XCBuildConfiguration;
			baseConfigurationReference = 26B5C38760971BAB50586EDF /* Pods-WeatherApp.debug.xcconfig */;
			buildSettings = {
				ASSETCATALOG_COMPILER_APPICON_NAME = AppIcon;
				ASSETCATALOG_COMPILER_GLOBAL_ACCENT_COLOR_NAME = AccentColor;
				CODE_SIGN_STYLE = Automatic;
				CURRENT_PROJECT_VERSION = 1;
				DEVELOPMENT_ASSET_PATHS = "\"WeatherApp/Preview Content\"";
				DEVELOPMENT_TEAM = DF9B9P2SM8;
				ENABLE_PREVIEWS = YES;
				GENERATE_INFOPLIST_FILE = YES;
				INFOPLIST_KEY_NSLocationAlwaysAndWhenInUseUsageDescription = "Used to get current weather";
				INFOPLIST_KEY_NSLocationWhenInUseUsageDescription = "Used to get current weather";
				INFOPLIST_KEY_UIApplicationSceneManifest_Generation = YES;
				INFOPLIST_KEY_UIApplicationSupportsIndirectInputEvents = YES;
				INFOPLIST_KEY_UILaunchScreen_Generation = YES;
				INFOPLIST_KEY_UISupportedInterfaceOrientations_iPad = "UIInterfaceOrientationPortrait UIInterfaceOrientationPortraitUpsideDown UIInterfaceOrientationLandscapeLeft UIInterfaceOrientationLandscapeRight";
				INFOPLIST_KEY_UISupportedInterfaceOrientations_iPhone = "UIInterfaceOrientationPortrait UIInterfaceOrientationLandscapeLeft UIInterfaceOrientationLandscapeRight";
				LD_RUNPATH_SEARCH_PATHS = (
					"$(inherited)",
					"@executable_path/Frameworks",
				);
				MARKETING_VERSION = 1.0;
				"OTHER_SWIFT_FLAGS[arch=*]" = "-DAPI_KEY=29f5c638cc134e1b966153149230202";
				PRODUCT_BUNDLE_IDENTIFIER = com.george.kapoya.WeatherApp;
				PRODUCT_NAME = "$(TARGET_NAME)";
				SWIFT_EMIT_LOC_STRINGS = YES;
				SWIFT_VERSION = 5.0;
				TARGETED_DEVICE_FAMILY = "1,2";
			};
			name = Debug;
		};
		5E4C337B298C2B3000D45F98 /* Release */ = {
			isa = XCBuildConfiguration;
			baseConfigurationReference = 54A462E31BF05EA9378D2DD5 /* Pods-WeatherApp.release.xcconfig */;
			buildSettings = {
				ASSETCATALOG_COMPILER_APPICON_NAME = AppIcon;
				ASSETCATALOG_COMPILER_GLOBAL_ACCENT_COLOR_NAME = AccentColor;
				CODE_SIGN_STYLE = Automatic;
				CURRENT_PROJECT_VERSION = 1;
				DEVELOPMENT_ASSET_PATHS = "\"WeatherApp/Preview Content\"";
				DEVELOPMENT_TEAM = DF9B9P2SM8;
				ENABLE_PREVIEWS = YES;
				GENERATE_INFOPLIST_FILE = YES;
				INFOPLIST_KEY_NSLocationAlwaysAndWhenInUseUsageDescription = "Used to get current weather";
				INFOPLIST_KEY_NSLocationWhenInUseUsageDescription = "Used to get current weather";
				INFOPLIST_KEY_UIApplicationSceneManifest_Generation = YES;
				INFOPLIST_KEY_UIApplicationSupportsIndirectInputEvents = YES;
				INFOPLIST_KEY_UILaunchScreen_Generation = YES;
				INFOPLIST_KEY_UISupportedInterfaceOrientations_iPad = "UIInterfaceOrientationPortrait UIInterfaceOrientationPortraitUpsideDown UIInterfaceOrientationLandscapeLeft UIInterfaceOrientationLandscapeRight";
				INFOPLIST_KEY_UISupportedInterfaceOrientations_iPhone = "UIInterfaceOrientationPortrait UIInterfaceOrientationLandscapeLeft UIInterfaceOrientationLandscapeRight";
				LD_RUNPATH_SEARCH_PATHS = (
					"$(inherited)",
					"@executable_path/Frameworks",
				);
				MARKETING_VERSION = 1.0;
				"OTHER_SWIFT_FLAGS[arch=*]" = "-DAPI_KEY=29f5c638cc134e1b966153149230202";
				PRODUCT_BUNDLE_IDENTIFIER = com.george.kapoya.WeatherApp;
				PRODUCT_NAME = "$(TARGET_NAME)";
				SWIFT_EMIT_LOC_STRINGS = YES;
				SWIFT_VERSION = 5.0;
				TARGETED_DEVICE_FAMILY = "1,2";
			};
			name = Release;
		};
		5E4C337D298C2B3000D45F98 /* Debug */ = {
			isa = XCBuildConfiguration;
			baseConfigurationReference = 9B570BE99B58F1C7848793F5 /* Pods-WeatherAppTests.debug.xcconfig */;
			buildSettings = {
				ALWAYS_EMBED_SWIFT_STANDARD_LIBRARIES = YES;
				BUNDLE_LOADER = "$(TEST_HOST)";
				CODE_SIGN_STYLE = Automatic;
				CURRENT_PROJECT_VERSION = 1;
				DEVELOPMENT_TEAM = DF9B9P2SM8;
				GENERATE_INFOPLIST_FILE = YES;
				IPHONEOS_DEPLOYMENT_TARGET = 16.2;
				MARKETING_VERSION = 1.0;
				PRODUCT_BUNDLE_IDENTIFIER = com.george.kapoya.WeatherAppTests;
				PRODUCT_NAME = "$(TARGET_NAME)";
				SWIFT_EMIT_LOC_STRINGS = NO;
				SWIFT_VERSION = 5.0;
				TARGETED_DEVICE_FAMILY = "1,2";
				TEST_HOST = "$(BUILT_PRODUCTS_DIR)/WeatherApp.app/$(BUNDLE_EXECUTABLE_FOLDER_PATH)/WeatherApp";
			};
			name = Debug;
		};
		5E4C337E298C2B3000D45F98 /* Release */ = {
			isa = XCBuildConfiguration;
			baseConfigurationReference = F967A10D7FA7128F163B41C2 /* Pods-WeatherAppTests.release.xcconfig */;
			buildSettings = {
				ALWAYS_EMBED_SWIFT_STANDARD_LIBRARIES = YES;
				BUNDLE_LOADER = "$(TEST_HOST)";
				CODE_SIGN_STYLE = Automatic;
				CURRENT_PROJECT_VERSION = 1;
				DEVELOPMENT_TEAM = DF9B9P2SM8;
				GENERATE_INFOPLIST_FILE = YES;
				IPHONEOS_DEPLOYMENT_TARGET = 16.2;
				MARKETING_VERSION = 1.0;
				PRODUCT_BUNDLE_IDENTIFIER = com.george.kapoya.WeatherAppTests;
				PRODUCT_NAME = "$(TARGET_NAME)";
				SWIFT_EMIT_LOC_STRINGS = NO;
				SWIFT_VERSION = 5.0;
				TARGETED_DEVICE_FAMILY = "1,2";
				TEST_HOST = "$(BUILT_PRODUCTS_DIR)/WeatherApp.app/$(BUNDLE_EXECUTABLE_FOLDER_PATH)/WeatherApp";
			};
			name = Release;
		};
		5E4C3380298C2B3000D45F98 /* Debug */ = {
			isa = XCBuildConfiguration;
			baseConfigurationReference = 4F545D3AF37597C59ECDBBE8 /* Pods-WeatherApp-WeatherAppUITests.debug.xcconfig */;
			buildSettings = {
				ALWAYS_EMBED_SWIFT_STANDARD_LIBRARIES = YES;
				CODE_SIGN_STYLE = Automatic;
				CURRENT_PROJECT_VERSION = 1;
				DEVELOPMENT_TEAM = DF9B9P2SM8;
				GENERATE_INFOPLIST_FILE = YES;
				MARKETING_VERSION = 1.0;
				PRODUCT_BUNDLE_IDENTIFIER = com.george.kapoya.WeatherAppUITests;
				PRODUCT_NAME = "$(TARGET_NAME)";
				SWIFT_EMIT_LOC_STRINGS = NO;
				SWIFT_VERSION = 5.0;
				TARGETED_DEVICE_FAMILY = "1,2";
				TEST_TARGET_NAME = WeatherApp;
			};
			name = Debug;
		};
		5E4C3381298C2B3000D45F98 /* Release */ = {
			isa = XCBuildConfiguration;
			baseConfigurationReference = 987B555E7F8F7B6370E3628A /* Pods-WeatherApp-WeatherAppUITests.release.xcconfig */;
			buildSettings = {
				ALWAYS_EMBED_SWIFT_STANDARD_LIBRARIES = YES;
				CODE_SIGN_STYLE = Automatic;
				CURRENT_PROJECT_VERSION = 1;
				DEVELOPMENT_TEAM = DF9B9P2SM8;
				GENERATE_INFOPLIST_FILE = YES;
				MARKETING_VERSION = 1.0;
				PRODUCT_BUNDLE_IDENTIFIER = com.george.kapoya.WeatherAppUITests;
				PRODUCT_NAME = "$(TARGET_NAME)";
				SWIFT_EMIT_LOC_STRINGS = NO;
				SWIFT_VERSION = 5.0;
				TARGETED_DEVICE_FAMILY = "1,2";
				TEST_TARGET_NAME = WeatherApp;
			};
			name = Release;
		};
/* End XCBuildConfiguration section */

/* Begin XCConfigurationList section */
		5E4C3350298C2B2D00D45F98 /* Build configuration list for PBXProject "WeatherApp" */ = {
			isa = XCConfigurationList;
			buildConfigurations = (
				5E4C3377298C2B3000D45F98 /* Debug */,
				5E4C3378298C2B3000D45F98 /* Release */,
			);
			defaultConfigurationIsVisible = 0;
			defaultConfigurationName = Release;
		};
		5E4C3379298C2B3000D45F98 /* Build configuration list for PBXNativeTarget "WeatherApp" */ = {
			isa = XCConfigurationList;
			buildConfigurations = (
				5E4C337A298C2B3000D45F98 /* Debug */,
				5E4C337B298C2B3000D45F98 /* Release */,
			);
			defaultConfigurationIsVisible = 0;
			defaultConfigurationName = Release;
		};
		5E4C337C298C2B3000D45F98 /* Build configuration list for PBXNativeTarget "WeatherAppTests" */ = {
			isa = XCConfigurationList;
			buildConfigurations = (
				5E4C337D298C2B3000D45F98 /* Debug */,
				5E4C337E298C2B3000D45F98 /* Release */,
			);
			defaultConfigurationIsVisible = 0;
			defaultConfigurationName = Release;
		};
		5E4C337F298C2B3000D45F98 /* Build configuration list for PBXNativeTarget "WeatherAppUITests" */ = {
			isa = XCConfigurationList;
			buildConfigurations = (
				5E4C3380298C2B3000D45F98 /* Debug */,
				5E4C3381298C2B3000D45F98 /* Release */,
			);
			defaultConfigurationIsVisible = 0;
			defaultConfigurationName = Release;
		};
/* End XCConfigurationList section */

/* Begin XCRemoteSwiftPackageReference section */
		5E4C33A2298C3E3000D45F98 /* XCRemoteSwiftPackageReference "OHHTTPStubs" */ = {
			isa = XCRemoteSwiftPackageReference;
			repositoryURL = "https://github.com/AliSoftware/OHHTTPStubs";
			requirement = {
				branch = master;
				kind = branch;
			};
		};
/* End XCRemoteSwiftPackageReference section */

/* Begin XCSwiftPackageProductDependency section */
		5E4C33A3298C3E3000D45F98 /* OHHTTPStubs */ = {
			isa = XCSwiftPackageProductDependency;
			package = 5E4C33A2298C3E3000D45F98 /* XCRemoteSwiftPackageReference "OHHTTPStubs" */;
			productName = OHHTTPStubs;
		};
		5E4C33A5298C3E3000D45F98 /* OHHTTPStubsSwift */ = {
			isa = XCSwiftPackageProductDependency;
			package = 5E4C33A2298C3E3000D45F98 /* XCRemoteSwiftPackageReference "OHHTTPStubs" */;
			productName = OHHTTPStubsSwift;
		};
/* End XCSwiftPackageProductDependency section */
	};
	rootObject = 5E4C334D298C2B2D00D45F98 /* Project object */;
}
